
Microsoft Visual Studio Solution File, Format Version 12.00
# Visual Studio Version 17
VisualStudioVersion = 17.2.32526.322
MinimumVisualStudioVersion = 10.0.40219.1
Project("{8BC9CEB8-8B4A-11D0-8D11-00A0C91BC942}") = "ArkRenderer", "ArkRenderer\ArkRenderer.vcxproj", "{7E8D1EC7-5500-4F59-9873-1E5B2E10D0F0}"
EndProject
Project("{8BC9CEB8-8B4A-11D0-8D11-00A0C91BC942}") = "VkRenderer", "VkRenderer\VkRenderer.vcxproj", "{8E029118-5619-4D1A-B085-35D86080AE35}"
EndProject
Global
	GlobalSection(SolutionConfigurationPlatforms) = preSolution
		Debug|x64 = Debug|x64
		Debug|x86 = Debug|x86
		Release|x64 = Release|x64
		Release|x86 = Release|x86
	EndGlobalSection
	GlobalSection(ProjectConfigurationPlatforms) = postSolution
		{7E8D1EC7-5500-4F59-9873-1E5B2E10D0F0}.Debug|x64.ActiveCfg = Debug|x64
		{7E8D1EC7-5500-4F59-9873-1E5B2E10D0F0}.Debug|x64.Build.0 = Debug|x64
		{7E8D1EC7-5500-4F59-9873-1E5B2E10D0F0}.Debug|x86.ActiveCfg = Debug|Win32
		{7E8D1EC7-5500-4F59-9873-1E5B2E10D0F0}.Debug|x86.Build.0 = Debug|Win32
		{7E8D1EC7-5500-4F59-9873-1E5B2E10D0F0}.Release|x64.ActiveCfg = Release|x64
		{7E8D1EC7-5500-4F59-9873-1E5B2E10D0F0}.Release|x64.Build.0 = Release|x64
		{7E8D1EC7-5500-4F59-9873-1E5B2E10D0F0}.Release|x86.ActiveCfg = Release|Win32
		{7E8D1EC7-5500-4F59-9873-1E5B2E10D0F0}.Release|x86.Build.0 = Release|Win32
		{8E029118-5619-4D1A-B085-35D86080AE35}.Debug|x64.ActiveCfg = Debug|x64
		{8E029118-5619-4D1A-B085-35D86080AE35}.Debug|x64.Build.0 = Debug|x64
		{8E029118-5619-4D1A-B085-35D86080AE35}.Debug|x86.ActiveCfg = Debug|Win32
		{8E029118-5619-4D1A-B085-35D86080AE35}.Debug|x86.Build.0 = Debug|Win32
		{8E029118-5619-4D1A-B085-35D86080AE35}.Release|x64.ActiveCfg = Release|x64
		{8E029118-5619-4D1A-B085-35D86080AE35}.Release|x64.Build.0 = Release|x64
		{8E029118-5619-4D1A-B085-35D86080AE35}.Release|x86.ActiveCfg = Release|Win32
		{8E029118-5619-4D1A-B085-35D86080AE35}.Release|x86.Build.0 = Release|Win32
	EndGlobalSection
	GlobalSection(SolutionProperties) = preSolution
		HideSolutionNode = FALSE
	EndGlobalSection
	GlobalSection(ExtensibilityGlobals) = postSolution
		SolutionGuid = {EB31D627-5EFE-47CA-92C4-4CC833BB61E2}
	EndGlobalSection
EndGlobal
